{
  "version": 4,
  "terraform_version": "1.0.11",
  "serial": 19,
  "lineage": "8a49828e-d618-f651-c5e0-e6a692d5d030",
  "outputs": {
    "external_ip_address_vm_1": {
      "value": "51.250.24.142",
      "type": "string"
    },
    "internal_ip_address_vm_1": {
      "value": "192.168.10.29",
      "type": "string"
    }
  },
  "resources": [
    {
      "mode": "managed",
      "type": "yandex_compute_instance",
      "name": "vm-burunov-m",
      "provider": "provider[\"registry.terraform.io/yandex-cloud/yandex\"]",
      "instances": [
        {
          "schema_version": 1,
          "attributes": {
            "allow_stopping_for_update": true,
            "boot_disk": [
              {
                "auto_delete": true,
                "device_name": "epd6jn05ig34f0ibaicu",
                "disk_id": "epd6jn05ig34f0ibaicu",
                "initialize_params": [
                  {
                    "description": "",
                    "image_id": "fd8db2s90v5knmg1p7dv",
                    "name": "",
                    "size": 3,
                    "snapshot_id": "",
                    "type": "network-hdd"
                  }
                ],
                "mode": "READ_WRITE"
              }
            ],
            "created_at": "2021-11-25T15:16:54Z",
            "description": "",
            "folder_id": "b1gk960dgke8q6mb3j64",
            "fqdn": "epdd728idlc7sdqqfbgm.auto.internal",
            "hostname": "epdd728idlc7sdqqfbgm",
            "id": "epdd728idlc7sdqqfbgm",
            "labels": {},
            "metadata": {
              "user-data": "#cloud-config\nusers:\n  - name: ansible\n    groups: sudo\n    shell: /bin/bash\n    sudo: ['ALL=(ALL) NOPASSWD:ALL']\n    ssh-authorized-keys:\n      - ssh-rsa AAAAB3NzaC1yc2EAAAADAQABAAABgQDVwO7frZyZyKiGActgg6f2LALMFighoplOePTO+i2HbTDl7CtLk6xdERu70nU7TMgha+mGSKP2Y7a79RcC7f3swHYWIsLgkjWP+aHlfuSYTRT0RIzzV/dP72RPJcfyfQOZ3IZvf5B0zzPlYHK9Cye+Zbi/xriXHdyDB42bm4mESp7U+C7e1DOLPfyH9kV3NLHC8wMF2Rc5yqh4MMA8dLjeapscWv1vSYpmIXrpyqyFP/18Cm+BYqrTMhT64n+JbRiVNg+KlnV9JhTugYHkM7iJbb/2AY6SMkOGx5lJ3pbAkS+wyGOflWgVqTexKRXMXE9/b8XOaysW+ms4JxVRrm7tiJfFTjgppTJYoy6TgYCLDJFGM94ibbz1linMq+6kr8Vx1KVZ9Mar/BRa25hiLIk7Lh8colpYHIrBo90Kmn0TA5Pbrb3V71aQVj1u8/YQPsdDcL4luNmtAJlzX73YZ9rg1HSUq+A6czrWMgOXjzl1C6huCMeQ1MFZJ3CTXGxweEE= mxl@mxl-home\n"
            },
            "name": "terraform-burunov-m",
            "network_acceleration_type": "standard",
            "network_interface": [
              {
                "dns_record": [],
                "index": 0,
                "ip_address": "192.168.10.29",
                "ipv4": true,
                "ipv6": false,
                "ipv6_address": "",
                "ipv6_dns_record": [],
                "mac_address": "d0:0d:d3:89:12:6d",
                "nat": true,
                "nat_dns_record": [],
                "nat_ip_address": "51.250.24.142",
                "nat_ip_version": "IPV4",
                "security_group_ids": [],
                "subnet_id": "e2lkkdhbi0l95046amft"
              }
            ],
            "placement_policy": [
              {
                "placement_group_id": ""
              }
            ],
            "platform_id": "standard-v1",
            "resources": [
              {
                "core_fraction": 100,
                "cores": 4,
                "gpus": 0,
                "memory": 4
              }
            ],
            "scheduling_policy": [
              {
                "preemptible": false
              }
            ],
            "secondary_disk": [],
            "service_account_id": "",
            "status": "running",
            "timeouts": null,
            "zone": "ru-central1-b"
          },
          "sensitive_attributes": [],
          "private": "eyJlMmJmYjczMC1lY2FhLTExZTYtOGY4OC0zNDM2M2JjN2M0YzAiOnsiY3JlYXRlIjozMDAwMDAwMDAwMDAsImRlbGV0ZSI6MzAwMDAwMDAwMDAwLCJ1cGRhdGUiOjMwMDAwMDAwMDAwMH0sInNjaGVtYV92ZXJzaW9uIjoiMSJ9",
          "dependencies": [
            "yandex_vpc_network.network-burunov-m-1",
            "yandex_vpc_subnet.subnet-burunov-m-1"
          ]
        }
      ]
    },
    {
      "mode": "managed",
      "type": "yandex_vpc_network",
      "name": "network-burunov-m-1",
      "provider": "provider[\"registry.terraform.io/yandex-cloud/yandex\"]",
      "instances": [
        {
          "schema_version": 0,
          "attributes": {
            "created_at": "2021-11-25T15:16:51Z",
            "default_security_group_id": "",
            "description": "",
            "folder_id": "b1gk960dgke8q6mb3j64",
            "id": "enp6tukbamjlfnabchi6",
            "labels": {},
            "name": "network-burunov-m-1",
            "subnet_ids": [
              "e2lkkdhbi0l95046amft"
            ],
            "timeouts": null
          },
          "sensitive_attributes": [],
          "private": "eyJlMmJmYjczMC1lY2FhLTExZTYtOGY4OC0zNDM2M2JjN2M0YzAiOnsiY3JlYXRlIjo2MDAwMDAwMDAwMCwiZGVsZXRlIjo2MDAwMDAwMDAwMCwidXBkYXRlIjo2MDAwMDAwMDAwMH19"
        }
      ]
    },
    {
      "mode": "managed",
      "type": "yandex_vpc_subnet",
      "name": "subnet-burunov-m-1",
      "provider": "provider[\"registry.terraform.io/yandex-cloud/yandex\"]",
      "instances": [
        {
          "schema_version": 0,
          "attributes": {
            "created_at": "2021-11-25T15:16:52Z",
            "description": "",
            "dhcp_options": [],
            "folder_id": "b1gk960dgke8q6mb3j64",
            "id": "e2lkkdhbi0l95046amft",
            "labels": {},
            "name": "subnet-burunov-m-1",
            "network_id": "enp6tukbamjlfnabchi6",
            "route_table_id": "",
            "timeouts": null,
            "v4_cidr_blocks": [
              "192.168.10.0/24"
            ],
            "v6_cidr_blocks": [],
            "zone": "ru-central1-b"
          },
          "sensitive_attributes": [],
          "private": "eyJlMmJmYjczMC1lY2FhLTExZTYtOGY4OC0zNDM2M2JjN2M0YzAiOnsiY3JlYXRlIjoxODAwMDAwMDAwMDAsImRlbGV0ZSI6MTgwMDAwMDAwMDAwLCJ1cGRhdGUiOjE4MDAwMDAwMDAwMH19",
          "dependencies": [
            "yandex_vpc_network.network-burunov-m-1"
          ]
        }
      ]
    }
  ]
}
